
Microsoft Visual Studio Solution File, Format Version 12.00
# Visual Studio Version 17
VisualStudioVersion = 17.6.33829.357
MinimumVisualStudioVersion = 10.0.40219.1
Project("{FAE04EC0-301F-11D3-BF4B-00C04F79EFBC}") = "LoggingMiddleware", "LoggingMiddleware.csproj", "{77A31DE4-9101-4808-A2DB-07B0C4868C57}"
EndProject
Global
	GlobalSection(SolutionConfigurationPlatforms) = preSolution
		Debug|Any CPU = Debug|Any CPU
		Release|Any CPU = Release|Any CPU
	EndGlobalSection
	GlobalSection(ProjectConfigurationPlatforms) = postSolution
		{77A31DE4-9101-4808-A2DB-07B0C4868C57}.Debug|Any CPU.ActiveCfg = Debug|Any CPU
		{77A31DE4-9101-4808-A2DB-07B0C4868C57}.Debug|Any CPU.Build.0 = Debug|Any CPU
		{77A31DE4-9101-4808-A2DB-07B0C4868C57}.Release|Any CPU.ActiveCfg = Release|Any CPU
		{77A31DE4-9101-4808-A2DB-07B0C4868C57}.Release|Any CPU.Build.0 = Release|Any CPU
	EndGlobalSection
	GlobalSection(SolutionProperties) = preSolution
		HideSolutionNode = FALSE
	EndGlobalSection
	GlobalSection(ExtensibilityGlobals) = postSolution
		SolutionGuid = {03A5813F-5094-4015-B81B-884CDA3B29C8}
	EndGlobalSection
EndGlobal
